
Microsoft Visual Studio Solution File, Format Version 12.00
# Visual Studio Version 17
VisualStudioVersion = 17.13.35931.197
MinimumVisualStudioVersion = 10.0.40219.1
Project("{8BC9CEB8-8B4A-11D0-8D11-00A0C91BC942}") = "00_01", "00_01\00_01.vcxproj", "{742BC9FA-C30D-4A63-A88C-52533080F14F}"
EndProject
Project("{8BC9CEB8-8B4A-11D0-8D11-00A0C91BC942}") = "01_01", "01_01\01_01.vcxproj", "{475C4C7A-A6D7-4CA4-AD1C-950F5F91D357}"
EndProject
Project("{8BC9CEB8-8B4A-11D0-8D11-00A0C91BC942}") = "01_02", "01_02\01_02.vcxproj", "{2E0DFCEE-ACE6-4F41-82B5-A46B2F7E0E49}"
EndProject
Project("{8BC9CEB8-8B4A-11D0-8D11-00A0C91BC942}") = "02_01", "02_01\02_01.vcxproj", "{AE7987B8-9530-44BB-8EB3-F713EC9EE256}"
EndProject
Project("{2150E333-8FDC-42A3-9474-1A3956D46DE8}") = "ソリューション項目", "ソリューション項目", "{2022CB0F-8BAF-F49E-0C48-8EF4C96EC109}"
	ProjectSection(SolutionItems) = preProject
		.editorconfig = .editorconfig
	EndProjectSection
EndProject
Global
	GlobalSection(SolutionConfigurationPlatforms) = preSolution
		Debug|x64 = Debug|x64
		Debug|x86 = Debug|x86
		Release|x64 = Release|x64
		Release|x86 = Release|x86
	EndGlobalSection
	GlobalSection(ProjectConfigurationPlatforms) = postSolution
		{742BC9FA-C30D-4A63-A88C-52533080F14F}.Debug|x64.ActiveCfg = Debug|x64
		{742BC9FA-C30D-4A63-A88C-52533080F14F}.Debug|x64.Build.0 = Debug|x64
		{742BC9FA-C30D-4A63-A88C-52533080F14F}.Debug|x86.ActiveCfg = Debug|Win32
		{742BC9FA-C30D-4A63-A88C-52533080F14F}.Debug|x86.Build.0 = Debug|Win32
		{742BC9FA-C30D-4A63-A88C-52533080F14F}.Release|x64.ActiveCfg = Release|x64
		{742BC9FA-C30D-4A63-A88C-52533080F14F}.Release|x64.Build.0 = Release|x64
		{742BC9FA-C30D-4A63-A88C-52533080F14F}.Release|x86.ActiveCfg = Release|Win32
		{742BC9FA-C30D-4A63-A88C-52533080F14F}.Release|x86.Build.0 = Release|Win32
		{475C4C7A-A6D7-4CA4-AD1C-950F5F91D357}.Debug|x64.ActiveCfg = Debug|x64
		{475C4C7A-A6D7-4CA4-AD1C-950F5F91D357}.Debug|x64.Build.0 = Debug|x64
		{475C4C7A-A6D7-4CA4-AD1C-950F5F91D357}.Debug|x86.ActiveCfg = Debug|Win32
		{475C4C7A-A6D7-4CA4-AD1C-950F5F91D357}.Debug|x86.Build.0 = Debug|Win32
		{475C4C7A-A6D7-4CA4-AD1C-950F5F91D357}.Release|x64.ActiveCfg = Release|x64
		{475C4C7A-A6D7-4CA4-AD1C-950F5F91D357}.Release|x64.Build.0 = Release|x64
		{475C4C7A-A6D7-4CA4-AD1C-950F5F91D357}.Release|x86.ActiveCfg = Release|Win32
		{475C4C7A-A6D7-4CA4-AD1C-950F5F91D357}.Release|x86.Build.0 = Release|Win32
		{2E0DFCEE-ACE6-4F41-82B5-A46B2F7E0E49}.Debug|x64.ActiveCfg = Debug|x64
		{2E0DFCEE-ACE6-4F41-82B5-A46B2F7E0E49}.Debug|x64.Build.0 = Debug|x64
		{2E0DFCEE-ACE6-4F41-82B5-A46B2F7E0E49}.Debug|x86.ActiveCfg = Debug|Win32
		{2E0DFCEE-ACE6-4F41-82B5-A46B2F7E0E49}.Debug|x86.Build.0 = Debug|Win32
		{2E0DFCEE-ACE6-4F41-82B5-A46B2F7E0E49}.Release|x64.ActiveCfg = Release|x64
		{2E0DFCEE-ACE6-4F41-82B5-A46B2F7E0E49}.Release|x64.Build.0 = Release|x64
		{2E0DFCEE-ACE6-4F41-82B5-A46B2F7E0E49}.Release|x86.ActiveCfg = Release|Win32
		{2E0DFCEE-ACE6-4F41-82B5-A46B2F7E0E49}.Release|x86.Build.0 = Release|Win32
		{AE7987B8-9530-44BB-8EB3-F713EC9EE256}.Debug|x64.ActiveCfg = Debug|x64
		{AE7987B8-9530-44BB-8EB3-F713EC9EE256}.Debug|x64.Build.0 = Debug|x64
		{AE7987B8-9530-44BB-8EB3-F713EC9EE256}.Debug|x86.ActiveCfg = Debug|Win32
		{AE7987B8-9530-44BB-8EB3-F713EC9EE256}.Debug|x86.Build.0 = Debug|Win32
		{AE7987B8-9530-44BB-8EB3-F713EC9EE256}.Release|x64.ActiveCfg = Release|x64
		{AE7987B8-9530-44BB-8EB3-F713EC9EE256}.Release|x64.Build.0 = Release|x64
		{AE7987B8-9530-44BB-8EB3-F713EC9EE256}.Release|x86.ActiveCfg = Release|Win32
		{AE7987B8-9530-44BB-8EB3-F713EC9EE256}.Release|x86.Build.0 = Release|Win32
	EndGlobalSection
	GlobalSection(SolutionProperties) = preSolution
		HideSolutionNode = FALSE
	EndGlobalSection
	GlobalSection(ExtensibilityGlobals) = postSolution
		SolutionGuid = {1336EACC-50C8-4D85-B58C-BBB1D42116BA}
	EndGlobalSection
EndGlobal
